
Microsoft Visual Studio Solution File, Format Version 12.00
# Visual Studio 15
VisualStudioVersion = 15.0.33026.149
MinimumVisualStudioVersion = 10.0.40219.1
Project("{FAE04EC0-301F-11D3-BF4B-00C04F79EFBC}") = "ProblemPractices", "ProblemPractices\ProblemPractices.csproj", "{789EBA13-BEE4-48C5-B352-82842FCCFBD6}"
EndProject
Project("{FAE04EC0-301F-11D3-BF4B-00C04F79EFBC}") = "ProblemPracticeArray", "ProblemPracticeArray\ProblemPracticeArray.csproj", "{6065324B-5085-49EB-A312-937B2AF2F47D}"
EndProject
Project("{FAE04EC0-301F-11D3-BF4B-00C04F79EFBC}") = "MaxProfit", "MaxProfit\MaxProfit.csproj", "{C777E8FC-7031-4F35-89BE-F590A9FB2CF6}"
EndProject
Project("{FAE04EC0-301F-11D3-BF4B-00C04F79EFBC}") = "AmazingArray", "AmazingArray\AmazingArray.csproj", "{029DBD43-7539-4037-8AD8-3440813170FE}"
EndProject
Project("{FAE04EC0-301F-11D3-BF4B-00C04F79EFBC}") = "AllSubArrays", "AllSubArrays\AllSubArrays.csproj", "{2997FDF5-FA8C-46AC-9E6C-79D777682CAD}"
EndProject
Project("{FAE04EC0-301F-11D3-BF4B-00C04F79EFBC}") = "SubArraySum", "SubArraySum\SubArraySum.csproj", "{FF54D936-B1ED-4958-97D5-72F7D904A6F6}"
EndProject
Project("{FAE04EC0-301F-11D3-BF4B-00C04F79EFBC}") = "MaxSumSubArray", "MaxSumSubArray\MaxSumSubArray.csproj", "{2AC0E05E-2AD7-4D86-B45D-30EB31411A0C}"
EndProject
Project("{FAE04EC0-301F-11D3-BF4B-00C04F79EFBC}") = "PickBothSides", "PickBothSides\PickBothSides.csproj", "{23E05721-444E-4544-B3A2-CB3254F1FD2D}"
EndProject
Project("{FAE04EC0-301F-11D3-BF4B-00C04F79EFBC}") = "RotateArray", "RotateArray\RotateArray.csproj", "{A186E32D-0210-4EF5-8850-81BF60BA3815}"
EndProject
Project("{FAE04EC0-301F-11D3-BF4B-00C04F79EFBC}") = "AntiDiagonal", "AntiDiagonal\AntiDiagonal.csproj", "{B0644D9B-CCA7-47A1-AAE1-E57729E65390}"
EndProject
Project("{FAE04EC0-301F-11D3-BF4B-00C04F79EFBC}") = "RowColumnZero", "RowColumnZero\RowColumnZero.csproj", "{25F63D42-4708-49DE-8461-6A8C968B5AD5}"
EndProject
Project("{FAE04EC0-301F-11D3-BF4B-00C04F79EFBC}") = "MinSwap", "MinSwap\MinSwap.csproj", "{CE586F56-2F7C-4829-9CB2-41049F9FFE6C}"
EndProject
Project("{FAE04EC0-301F-11D3-BF4B-00C04F79EFBC}") = "SumEvenIndices", "SumEvenIndices\SumEvenIndices.csproj", "{3D06AB71-05F8-4C8E-9905-AFA165F7C992}"
EndProject
Project("{FAE04EC0-301F-11D3-BF4B-00C04F79EFBC}") = "SpiralMatrixTwo", "SpiralMatrixTwo\SpiralMatrixTwo.csproj", "{D3164D95-886B-4DF3-B931-5437319ED2E5}"
EndProject
Project("{FAE04EC0-301F-11D3-BF4B-00C04F79EFBC}") = "AnybaseToDecimal", "AnybaseToDecimal\AnybaseToDecimal.csproj", "{7D0F00E5-3637-4457-AEF4-70ACD6D2C95B}"
EndProject
Project("{FAE04EC0-301F-11D3-BF4B-00C04F79EFBC}") = "SubarrayWithBitwiseOR", "SubarrayWithBitwiseOR\SubarrayWithBitwiseOR.csproj", "{5CC9A982-D628-4784-B253-335E5C468674}"
EndProject
Project("{FAE04EC0-301F-11D3-BF4B-00C04F79EFBC}") = "LargestNumber", "LargestNumber\LargestNumber.csproj", "{91A49782-9F86-41BB-B3A5-812054D3B3E9}"
EndProject
Project("{FAE04EC0-301F-11D3-BF4B-00C04F79EFBC}") = "SortByFactors", "SortByFactors\SortByFactors.csproj", "{C11CE7BD-7EDD-419D-B866-39A0DEC575AC}"
EndProject
Project("{FAE04EC0-301F-11D3-BF4B-00C04F79EFBC}") = "JosephTwo", "JosephTwo\JosephTwo.csproj", "{A393A3A0-C515-48BD-B704-783DD75A444D}"
EndProject
Project("{FAE04EC0-301F-11D3-BF4B-00C04F79EFBC}") = "MaxOne", "MaxOne\MaxOne.csproj", "{FC154EB4-C618-4F63-AF62-FED4FC6EDAA6}"
EndProject
Project("{FAE04EC0-301F-11D3-BF4B-00C04F79EFBC}") = "ReverseString", "ReverseString\ReverseString.csproj", "{9CE0DC56-1E5F-4BCD-B4C8-91E4FABBD485}"
EndProject
Project("{FAE04EC0-301F-11D3-BF4B-00C04F79EFBC}") = "SortArray", "SortArray\SortArray.csproj", "{D844DC63-8004-4791-B8C3-31629C55662B}"
EndProject
Project("{FAE04EC0-301F-11D3-BF4B-00C04F79EFBC}") = "LongestPalindrome", "LongestPalindrome\LongestPalindrome.csproj", "{8571DD3C-6880-4717-A666-1C1D790206A1}"
EndProject
Project("{FAE04EC0-301F-11D3-BF4B-00C04F79EFBC}") = "StringManipulation", "StringManipulation\StringManipulation.csproj", "{75FE2F70-C0E5-47F6-984D-A37739D5DB9C}"
EndProject
Project("{FAE04EC0-301F-11D3-BF4B-00C04F79EFBC}") = "ChangeChars", "ChangeChars\ChangeChars.csproj", "{92183B39-B35C-4A23-BC99-43872708CEF0}"
EndProject
Project("{FAE04EC0-301F-11D3-BF4B-00C04F79EFBC}") = "AddBinary", "AddBinary\AddBinary.csproj", "{01C0A368-B767-462F-8FB3-3917119783F2}"
EndProject
Project("{FAE04EC0-301F-11D3-BF4B-00C04F79EFBC}") = "SubarraySumZero", "SubarraySumZero\SubarraySumZero.csproj", "{99885C1C-9417-45DD-917C-3E9C8E1A3C6E}"
EndProject
Project("{FAE04EC0-301F-11D3-BF4B-00C04F79EFBC}") = "DistinctWindow", "DistinctWindow\DistinctWindow.csproj", "{9DFEB29F-3802-4BDF-80D7-9B101E329BA4}"
EndProject
Project("{FAE04EC0-301F-11D3-BF4B-00C04F79EFBC}") = "SubarraySumHashing", "SubarraySumHashing\SubarraySumHashing.csproj", "{EBA15FC5-F07A-46B5-B8C3-60BC887898C2}"
EndProject
Project("{FAE04EC0-301F-11D3-BF4B-00C04F79EFBC}") = "AddBinaryString", "AddBinaryString\AddBinaryString.csproj", "{587EE6ED-61E9-4AF7-B558-2DF71472729D}"
EndProject
Project("{FAE04EC0-301F-11D3-BF4B-00C04F79EFBC}") = "RecursivePalindrome", "RecursivePalindrome\RecursivePalindrome.csproj", "{72039CE9-35B2-45A3-B518-AAEDEC4F7D23}"
EndProject
Project("{FAE04EC0-301F-11D3-BF4B-00C04F79EFBC}") = "CountSubArray", "CountSubArray\CountSubArray.csproj", "{F1C7FDF2-3166-4DBB-AF89-F94E3A564831}"
EndProject
Project("{FAE04EC0-301F-11D3-BF4B-00C04F79EFBC}") = "PowerMod", "PowerMod\PowerMod.csproj", "{5CFEAB8E-7F1D-44B4-BF8C-153A6B9249BE}"
EndProject
Project("{FAE04EC0-301F-11D3-BF4B-00C04F79EFBC}") = "Circle", "Circle\Circle.csproj", "{2C42C2AB-E835-4E8B-9F0A-CFC3917111CF}"
EndProject
Project("{FAE04EC0-301F-11D3-BF4B-00C04F79EFBC}") = "ISDictionary", "ISDictionary\ISDictionary.csproj", "{80C83574-BE24-46E4-9F5B-250CC96F161A}"
EndProject
Project("{FAE04EC0-301F-11D3-BF4B-00C04F79EFBC}") = "KTHHard", "KTHHard\KTHHard.csproj", "{0F356EC3-ADE9-4C31-B9DC-82D859EE81F0}"
EndProject
Project("{FAE04EC0-301F-11D3-BF4B-00C04F79EFBC}") = "MatrixForm", "MatrixForm\MatrixForm.csproj", "{DF2EDD26-6DD9-42FC-B27E-ADBB3322B6CB}"
EndProject
Project("{FAE04EC0-301F-11D3-BF4B-00C04F79EFBC}") = "ConsequetiveNumbers", "ConsequetiveNumbers\ConsequetiveNumbers.csproj", "{FC771093-366E-41EC-9CB9-540195AA1B02}"
EndProject
Project("{FAE04EC0-301F-11D3-BF4B-00C04F79EFBC}") = "FlipBinary", "FlipBinary\FlipBinary.csproj", "{304ABF12-666F-4D23-91B3-2E04C1D06B16}"
EndProject
Project("{FAE04EC0-301F-11D3-BF4B-00C04F79EFBC}") = "SubMatrixSumArray", "SubMatrixSumArray\SubMatrixSumArray.csproj", "{45316176-F524-4181-9393-0D23E15DBAF4}"
EndProject
Project("{FAE04EC0-301F-11D3-BF4B-00C04F79EFBC}") = "MaxSubmatrixArray", "MaxSubmatrixArray\MaxSubmatrixArray.csproj", "{CF67897B-061B-47CE-9DDE-3D04FF563460}"
EndProject
Project("{FAE04EC0-301F-11D3-BF4B-00C04F79EFBC}") = "DistinctNumber2", "DistinctNumber2\DistinctNumber2.csproj", "{0B3D0ADF-4D02-44F3-BD00-F2E16C3DFD1C}"
EndProject
Project("{FAE04EC0-301F-11D3-BF4B-00C04F79EFBC}") = "LargePower", "LargePower\LargePower.csproj", "{3B275384-1C89-4064-B00A-06B841DADEF6}"
EndProject
Project("{FAE04EC0-301F-11D3-BF4B-00C04F79EFBC}") = "PrimeDivisor", "PrimeDivisor\PrimeDivisor.csproj", "{7B3643E0-7BE8-4BE6-A47A-E8BFCB0302EF}"
EndProject
Project("{FAE04EC0-301F-11D3-BF4B-00C04F79EFBC}") = "PrimeModuloInverse", "PrimeModuloInverse\PrimeModuloInverse.csproj", "{2CCD2F68-9605-485A-90F5-FBC218AF31AF}"
EndProject
Project("{FAE04EC0-301F-11D3-BF4B-00C04F79EFBC}") = "PairSumDivision", "PairSumDivision\PairSumDivision.csproj", "{554214A2-EF04-4357-8FF7-CDD61484BBA4}"
EndProject
Project("{FAE04EC0-301F-11D3-BF4B-00C04F79EFBC}") = "CountDivisor", "CountDivisor\CountDivisor.csproj", "{F1AEFEDA-E4D0-4129-A136-C64795EAC578}"
EndProject
Project("{FAE04EC0-301F-11D3-BF4B-00C04F79EFBC}") = "LuckyNumbers", "LuckyNumbers\LuckyNumbers.csproj", "{DBEA47EF-0AB8-4F14-B18D-378B9D80CD94}"
EndProject
Project("{FAE04EC0-301F-11D3-BF4B-00C04F79EFBC}") = "ComputeNCR", "ComputeNCR\ComputeNCR.csproj", "{399DE3C1-6EC0-4288-8B65-3ECD5688E80C}"
EndProject
Project("{FAE04EC0-301F-11D3-BF4B-00C04F79EFBC}") = "ComputeNcrM", "ComputeNcrM\ComputeNcrM.csproj", "{B348075E-33A3-467B-A8D0-C6EDB30F2161}"
EndProject
Project("{FAE04EC0-301F-11D3-BF4B-00C04F79EFBC}") = "EmailNotificationCode", "EmailNotificationCode\EmailNotificationCode.csproj", "{2EDB19B6-8B3B-4456-9965-26BD4F4A8A64}"
EndProject
Project("{FAE04EC0-301F-11D3-BF4B-00C04F79EFBC}") = "ExcelToNumber", "ExcelToNumber\ExcelToNumber.csproj", "{81336566-3CE2-4CAC-BFCC-4D172A0DB8F6}"
EndProject
Project("{FAE04EC0-301F-11D3-BF4B-00C04F79EFBC}") = "InsertionSort", "InsertionSort\InsertionSort.csproj", "{7EE4EA4B-F74F-4B61-B056-DBF80073FD2B}"
EndProject
Project("{FAE04EC0-301F-11D3-BF4B-00C04F79EFBC}") = "BinarySearch", "BinarySearch\BinarySearch.csproj", "{F1857BAB-90D4-4641-9EDF-2765C6939906}"
EndProject
Project("{FAE04EC0-301F-11D3-BF4B-00C04F79EFBC}") = "LRUCache", "LRUCache\LRUCache.csproj", "{95A17CAE-540F-4FBD-BBF5-230EAF811856}"
EndProject
Project("{FAE04EC0-301F-11D3-BF4B-00C04F79EFBC}") = "RemoveLoopinList", "RemoveLoopinList\RemoveLoopinList.csproj", "{256CAFE9-9FF7-472A-AB81-0CF340C6660C}"
EndProject
Project("{FAE04EC0-301F-11D3-BF4B-00C04F79EFBC}") = "BalancedParenthses", "BalancedParenthses\BalancedParenthses.csproj", "{2D28325E-3F79-4C8D-A311-5BC6356E51B8}"
EndProject
Project("{FAE04EC0-301F-11D3-BF4B-00C04F79EFBC}") = "DoubleCharsTrouble", "DoubleCharsTrouble\DoubleCharsTrouble.csproj", "{D283B1AF-8604-4EB8-8C08-5BA926E89401}"
EndProject
Project("{FAE04EC0-301F-11D3-BF4B-00C04F79EFBC}") = "EvalExpression", "EvalExpression\EvalExpression.csproj", "{87BD42CE-FFA8-4475-85D3-3AE2CA3BF66E}"
EndProject
Project("{FAE04EC0-301F-11D3-BF4B-00C04F79EFBC}") = "NextGreaterProblem", "NextGreaterProblem\NextGreaterProblem.csproj", "{221125A7-F46B-4C4E-84FF-5A83C2D43CA3}"
EndProject
Project("{FAE04EC0-301F-11D3-BF4B-00C04F79EFBC}") = "MaxMinSumCalculations", "MaxMinSumCalculations\MaxMinSumCalculations.csproj", "{15E2D949-8E55-4B5D-B2AF-D72E710762FD}"
EndProject
Project("{FAE04EC0-301F-11D3-BF4B-00C04F79EFBC}") = "CircularLinkedList", "CircularLinkedList\CircularLinkedList.csproj", "{D921C8BF-6FF7-4D89-A62E-B01054D8503F}"
EndProject
Project("{FAE04EC0-301F-11D3-BF4B-00C04F79EFBC}") = "TwoPointers", "TwoPointers\TwoPointers.csproj", "{86CCB16D-9C6D-4BAD-817D-7786584E057A}"
EndProject
Project("{FAE04EC0-301F-11D3-BF4B-00C04F79EFBC}") = "UniquePrefix", "UniquePrefix\UniquePrefix.csproj", "{7187A2B2-7F7C-435C-9B43-8F6683C1B936}"
EndProject
Project("{FAE04EC0-301F-11D3-BF4B-00C04F79EFBC}") = "MaximomXor", "MaximomXor\MaximomXor.csproj", "{2B7B5D61-52DC-4346-8D2B-CAC9E044CEE3}"
EndProject
Project("{FAE04EC0-301F-11D3-BF4B-00C04F79EFBC}") = "ConectRopes", "ConectRopes\ConectRopes.csproj", "{CCCF11E6-5E3F-4583-877A-D494B3CB725E}"
EndProject
Project("{FAE04EC0-301F-11D3-BF4B-00C04F79EFBC}") = "RunningMedian", "RunningMedian\RunningMedian.csproj", "{37E6D987-52B1-4449-9B75-2F46B4783EE3}"
EndProject
Project("{FAE04EC0-301F-11D3-BF4B-00C04F79EFBC}") = "BalancedBST", "BalancedBST\BalancedBST.csproj", "{06DA594D-C47F-43EB-82CF-386B57D0A1D4}"
EndProject
Project("{FAE04EC0-301F-11D3-BF4B-00C04F79EFBC}") = "FreeCars", "FreeCars\FreeCars.csproj", "{F33A96FB-DBA9-4668-9D7B-10C58CD94CD8}"
EndProject
Project("{FAE04EC0-301F-11D3-BF4B-00C04F79EFBC}") = "FinishMaxJobs", "FinishMaxJobs\FinishMaxJobs.csproj", "{3038BD5F-B930-4E7C-AC44-A49B9E49272B}"
EndProject
Project("{FAE04EC0-301F-11D3-BF4B-00C04F79EFBC}") = "UniquePermutation", "UniquePermutation\UniquePermutation.csproj", "{B351A5C0-4F79-43E3-A11F-A311D8176811}"
EndProject
Project("{FAE04EC0-301F-11D3-BF4B-00C04F79EFBC}") = "UniquePath3", "UniquePath3\UniquePath3.csproj", "{44F565FF-57B4-4957-81DC-BDCF267B5BEF}"
EndProject
Project("{FAE04EC0-301F-11D3-BF4B-00C04F79EFBC}") = "NQueenProblem", "NQueenProblem\NQueenProblem.csproj", "{7C52DF5D-521B-4F10-870D-6ECC44CCD53F}"
EndProject
Project("{FAE04EC0-301F-11D3-BF4B-00C04F79EFBC}") = "MakeSudoKo", "MakeSudoKo\MakeSudoKo.csproj", "{2C9C00D6-ECCD-4346-8024-9D550E42B6AF}"
EndProject
Project("{FAE04EC0-301F-11D3-BF4B-00C04F79EFBC}") = "Subsets", "Subsets\Subsets.csproj", "{0BF21178-B8B8-47DE-AA22-8728C561C066}"
EndProject
Project("{FAE04EC0-301F-11D3-BF4B-00C04F79EFBC}") = "Exma1", "Exma1\Exma1.csproj", "{B1D940E5-B2B3-48A4-BD4C-6979C1CF9CDC}"
EndProject
Project("{FAE04EC0-301F-11D3-BF4B-00C04F79EFBC}") = "Stairs", "Stairs\Stairs.csproj", "{53E66356-EF81-4083-8728-ABD6D8855689}"
EndProject
Project("{FAE04EC0-301F-11D3-BF4B-00C04F79EFBC}") = "CalculatePathWays", "CalculatePathWays\CalculatePathWays.csproj", "{20FECF67-42C2-4C36-9D5C-0AF9423D9D45}"
EndProject
Project("{FAE04EC0-301F-11D3-BF4B-00C04F79EFBC}") = "KnapSack", "KnapSack\KnapSack.csproj", "{BBABAAE7-E3DA-441E-9AAB-A9F13B9B7AA2}"
EndProject
Project("{FAE04EC0-301F-11D3-BF4B-00C04F79EFBC}") = "KnapSack2", "KnapSack2\KnapSack2.csproj", "{9BAF93F1-4813-44A1-896D-2CC3283FF662}"
EndProject
Project("{FAE04EC0-301F-11D3-BF4B-00C04F79EFBC}") = "CalMinCost", "CalMinCost\CalMinCost.csproj", "{61F5CE38-D84A-4102-9242-E29A0D2EDFD6}"
EndProject
Project("{FAE04EC0-301F-11D3-BF4B-00C04F79EFBC}") = "RusianDollEnvelope", "RusianDollEnvelope\RusianDollEnvelope.csproj", "{E5A5E2B3-B365-451F-843A-2909F61405E5}"
EndProject
Project("{FAE04EC0-301F-11D3-BF4B-00C04F79EFBC}") = "SMSIntegrations", "SMSIntegrations\SMSIntegrations.csproj", "{0AC0C3C2-F265-4C9D-8840-AD2055C71FAF}"
EndProject
Project("{FAE04EC0-301F-11D3-BF4B-00C04F79EFBC}") = "MinDistance", "MinDistance\MinDistance.csproj", "{CC336ED3-BA91-4C60-8746-FCBDC1CBDA79}"
EndProject
Project("{FAE04EC0-301F-11D3-BF4B-00C04F79EFBC}") = "WildCardSearch", "WildCardSearch\WildCardSearch.csproj", "{EAC20CD6-A1AA-46F6-A6B5-F33EE0950714}"
EndProject
Project("{FAE04EC0-301F-11D3-BF4B-00C04F79EFBC}") = "DFSGraph", "DFSGraph\DFSGraph.csproj", "{8854025D-366E-4BBB-809C-12B1A51F31E4}"
EndProject
Project("{FAE04EC0-301F-11D3-BF4B-00C04F79EFBC}") = "CycleGraph", "CycleGraph\CycleGraph.csproj", "{5C11F8B6-64A7-47A3-A272-8A5830935D15}"
EndProject
Project("{FAE04EC0-301F-11D3-BF4B-00C04F79EFBC}") = "KnapSackUnlimited", "KnapSackUnlimited\KnapSackUnlimited.csproj", "{0D1F56BE-223A-4CA0-8E57-65A184DCEC64}"
EndProject
Project("{FAE04EC0-301F-11D3-BF4B-00C04F79EFBC}") = "KnapsackFlipArray", "KnapsackFlipArray\KnapsackFlipArray.csproj", "{9ECB5A59-87FD-4F0A-8785-17C55245E246}"
EndProject
Project("{FAE04EC0-301F-11D3-BF4B-00C04F79EFBC}") = "PainterPartision", "PainterPartision\PainterPartision.csproj", "{18B85C30-B6CA-498F-AC4C-0C758ACC00A2}"
EndProject
Project("{FAE04EC0-301F-11D3-BF4B-00C04F79EFBC}") = "FractionalKnapsack", "FractionalKnapsack\FractionalKnapsack.csproj", "{1436B628-BC75-4835-8E30-FCE7A98145EA}"
EndProject
Project("{FAE04EC0-301F-11D3-BF4B-00C04F79EFBC}") = "CompareCar", "CompareCar\CompareCar.csproj", "{0097FCCE-95A5-4C57-8C2F-63E6869B9DEF}"
EndProject
Project("{FAE04EC0-301F-11D3-BF4B-00C04F79EFBC}") = "MinCowStalls", "MinCowStalls\MinCowStalls.csproj", "{927C0372-68C3-41F2-A92C-2C89AAAA99B9}"
EndProject
Project("{FAE04EC0-301F-11D3-BF4B-00C04F79EFBC}") = "DSA2BinarySearch", "DSA2BinarySearch\DSA2BinarySearch.csproj", "{C79D07FF-688B-4184-8115-C7835E60B980}"
EndProject
Project("{2150E333-8FDC-42A3-9474-1A3956D46DE8}") = "REVISIONS", "REVISIONS", "{AEBEB383-D4B7-4807-86C2-B59504386475}"
EndProject
Project("{FAE04EC0-301F-11D3-BF4B-00C04F79EFBC}") = "LinkedListRev", "LinkedListRev\LinkedListRev.csproj", "{FF044F5A-DD0D-48E3-BB24-B90BA13B9196}"
EndProject
Project("{FAE04EC0-301F-11D3-BF4B-00C04F79EFBC}") = "StackQueues", "StackQueues\StackQueues.csproj", "{43FFD196-0C22-4BAD-8E36-1CDA90640A8A}"
EndProject
Project("{FAE04EC0-301F-11D3-BF4B-00C04F79EFBC}") = "OOPS", "OOPS\OOPS.csproj", "{AA65677C-13BA-4A60-A518-06E15E1748DC}"
EndProject
Project("{FAE04EC0-301F-11D3-BF4B-00C04F79EFBC}") = "Batches", "Batches\Batches.csproj", "{1C612EA9-5898-4399-A8D7-900ABD447A15}"
EndProject
Project("{FAE04EC0-301F-11D3-BF4B-00C04F79EFBC}") = "RecursionsBackTrackings", "RecursionsBackTrackings\RecursionsBackTrackings.csproj", "{E8D780AE-5A20-4764-8EA1-91086D63FE49}"
EndProject
Project("{FAE04EC0-301F-11D3-BF4B-00C04F79EFBC}") = "TopologicalSort", "TopologicalSort\TopologicalSort.csproj", "{6BE464C8-9825-4AA7-A1E2-556C56DD4861}"
EndProject
Project("{FAE04EC0-301F-11D3-BF4B-00C04F79EFBC}") = "CalculatePath", "CalculatePath\CalculatePath.csproj", "{16DDF297-38CF-4DDA-85DC-242318B84B2C}"
EndProject
Project("{FAE04EC0-301F-11D3-BF4B-00C04F79EFBC}") = "Dijgastra", "Dijgastra\Dijgastra.csproj", "{EB3AAD6B-BCCD-4473-8A52-43BE04A4D7D8}"
EndProject
Global
	GlobalSection(SolutionConfigurationPlatforms) = preSolution
		Debug|Any CPU = Debug|Any CPU
		Release|Any CPU = Release|Any CPU
	EndGlobalSection
	GlobalSection(ProjectConfigurationPlatforms) = postSolution
		{789EBA13-BEE4-48C5-B352-82842FCCFBD6}.Debug|Any CPU.ActiveCfg = Debug|Any CPU
		{789EBA13-BEE4-48C5-B352-82842FCCFBD6}.Debug|Any CPU.Build.0 = Debug|Any CPU
		{789EBA13-BEE4-48C5-B352-82842FCCFBD6}.Release|Any CPU.ActiveCfg = Release|Any CPU
		{789EBA13-BEE4-48C5-B352-82842FCCFBD6}.Release|Any CPU.Build.0 = Release|Any CPU
		{6065324B-5085-49EB-A312-937B2AF2F47D}.Debug|Any CPU.ActiveCfg = Debug|Any CPU
		{6065324B-5085-49EB-A312-937B2AF2F47D}.Debug|Any CPU.Build.0 = Debug|Any CPU
		{6065324B-5085-49EB-A312-937B2AF2F47D}.Release|Any CPU.ActiveCfg = Release|Any CPU
		{6065324B-5085-49EB-A312-937B2AF2F47D}.Release|Any CPU.Build.0 = Release|Any CPU
		{C777E8FC-7031-4F35-89BE-F590A9FB2CF6}.Debug|Any CPU.ActiveCfg = Debug|Any CPU
		{C777E8FC-7031-4F35-89BE-F590A9FB2CF6}.Debug|Any CPU.Build.0 = Debug|Any CPU
		{C777E8FC-7031-4F35-89BE-F590A9FB2CF6}.Release|Any CPU.ActiveCfg = Release|Any CPU
		{C777E8FC-7031-4F35-89BE-F590A9FB2CF6}.Release|Any CPU.Build.0 = Release|Any CPU
		{029DBD43-7539-4037-8AD8-3440813170FE}.Debug|Any CPU.ActiveCfg = Debug|Any CPU
		{029DBD43-7539-4037-8AD8-3440813170FE}.Debug|Any CPU.Build.0 = Debug|Any CPU
		{029DBD43-7539-4037-8AD8-3440813170FE}.Release|Any CPU.ActiveCfg = Release|Any CPU
		{029DBD43-7539-4037-8AD8-3440813170FE}.Release|Any CPU.Build.0 = Release|Any CPU
		{2997FDF5-FA8C-46AC-9E6C-79D777682CAD}.Debug|Any CPU.ActiveCfg = Debug|Any CPU
		{2997FDF5-FA8C-46AC-9E6C-79D777682CAD}.Debug|Any CPU.Build.0 = Debug|Any CPU
		{2997FDF5-FA8C-46AC-9E6C-79D777682CAD}.Release|Any CPU.ActiveCfg = Release|Any CPU
		{2997FDF5-FA8C-46AC-9E6C-79D777682CAD}.Release|Any CPU.Build.0 = Release|Any CPU
		{FF54D936-B1ED-4958-97D5-72F7D904A6F6}.Debug|Any CPU.ActiveCfg = Debug|Any CPU
		{FF54D936-B1ED-4958-97D5-72F7D904A6F6}.Debug|Any CPU.Build.0 = Debug|Any CPU
		{FF54D936-B1ED-4958-97D5-72F7D904A6F6}.Release|Any CPU.ActiveCfg = Release|Any CPU
		{FF54D936-B1ED-4958-97D5-72F7D904A6F6}.Release|Any CPU.Build.0 = Release|Any CPU
		{2AC0E05E-2AD7-4D86-B45D-30EB31411A0C}.Debug|Any CPU.ActiveCfg = Debug|Any CPU
		{2AC0E05E-2AD7-4D86-B45D-30EB31411A0C}.Debug|Any CPU.Build.0 = Debug|Any CPU
		{2AC0E05E-2AD7-4D86-B45D-30EB31411A0C}.Release|Any CPU.ActiveCfg = Release|Any CPU
		{2AC0E05E-2AD7-4D86-B45D-30EB31411A0C}.Release|Any CPU.Build.0 = Release|Any CPU
		{23E05721-444E-4544-B3A2-CB3254F1FD2D}.Debug|Any CPU.ActiveCfg = Debug|Any CPU
		{23E05721-444E-4544-B3A2-CB3254F1FD2D}.Debug|Any CPU.Build.0 = Debug|Any CPU
		{23E05721-444E-4544-B3A2-CB3254F1FD2D}.Release|Any CPU.ActiveCfg = Release|Any CPU
		{23E05721-444E-4544-B3A2-CB3254F1FD2D}.Release|Any CPU.Build.0 = Release|Any CPU
		{A186E32D-0210-4EF5-8850-81BF60BA3815}.Debug|Any CPU.ActiveCfg = Debug|Any CPU
		{A186E32D-0210-4EF5-8850-81BF60BA3815}.Debug|Any CPU.Build.0 = Debug|Any CPU
		{A186E32D-0210-4EF5-8850-81BF60BA3815}.Release|Any CPU.ActiveCfg = Release|Any CPU
		{A186E32D-0210-4EF5-8850-81BF60BA3815}.Release|Any CPU.Build.0 = Release|Any CPU
		{B0644D9B-CCA7-47A1-AAE1-E57729E65390}.Debug|Any CPU.ActiveCfg = Debug|Any CPU
		{B0644D9B-CCA7-47A1-AAE1-E57729E65390}.Debug|Any CPU.Build.0 = Debug|Any CPU
		{B0644D9B-CCA7-47A1-AAE1-E57729E65390}.Release|Any CPU.ActiveCfg = Release|Any CPU
		{B0644D9B-CCA7-47A1-AAE1-E57729E65390}.Release|Any CPU.Build.0 = Release|Any CPU
		{25F63D42-4708-49DE-8461-6A8C968B5AD5}.Debug|Any CPU.ActiveCfg = Debug|Any CPU
		{25F63D42-4708-49DE-8461-6A8C968B5AD5}.Debug|Any CPU.Build.0 = Debug|Any CPU
		{25F63D42-4708-49DE-8461-6A8C968B5AD5}.Release|Any CPU.ActiveCfg = Release|Any CPU
		{25F63D42-4708-49DE-8461-6A8C968B5AD5}.Release|Any CPU.Build.0 = Release|Any CPU
		{CE586F56-2F7C-4829-9CB2-41049F9FFE6C}.Debug|Any CPU.ActiveCfg = Debug|Any CPU
		{CE586F56-2F7C-4829-9CB2-41049F9FFE6C}.Debug|Any CPU.Build.0 = Debug|Any CPU
		{CE586F56-2F7C-4829-9CB2-41049F9FFE6C}.Release|Any CPU.ActiveCfg = Release|Any CPU
		{CE586F56-2F7C-4829-9CB2-41049F9FFE6C}.Release|Any CPU.Build.0 = Release|Any CPU
		{3D06AB71-05F8-4C8E-9905-AFA165F7C992}.Debug|Any CPU.ActiveCfg = Debug|Any CPU
		{3D06AB71-05F8-4C8E-9905-AFA165F7C992}.Debug|Any CPU.Build.0 = Debug|Any CPU
		{3D06AB71-05F8-4C8E-9905-AFA165F7C992}.Release|Any CPU.ActiveCfg = Release|Any CPU
		{3D06AB71-05F8-4C8E-9905-AFA165F7C992}.Release|Any CPU.Build.0 = Release|Any CPU
		{D3164D95-886B-4DF3-B931-5437319ED2E5}.Debug|Any CPU.ActiveCfg = Debug|Any CPU
		{D3164D95-886B-4DF3-B931-5437319ED2E5}.Debug|Any CPU.Build.0 = Debug|Any CPU
		{D3164D95-886B-4DF3-B931-5437319ED2E5}.Release|Any CPU.ActiveCfg = Release|Any CPU
		{D3164D95-886B-4DF3-B931-5437319ED2E5}.Release|Any CPU.Build.0 = Release|Any CPU
		{7D0F00E5-3637-4457-AEF4-70ACD6D2C95B}.Debug|Any CPU.ActiveCfg = Debug|Any CPU
		{7D0F00E5-3637-4457-AEF4-70ACD6D2C95B}.Debug|Any CPU.Build.0 = Debug|Any CPU
		{7D0F00E5-3637-4457-AEF4-70ACD6D2C95B}.Release|Any CPU.ActiveCfg = Release|Any CPU
		{7D0F00E5-3637-4457-AEF4-70ACD6D2C95B}.Release|Any CPU.Build.0 = Release|Any CPU
		{5CC9A982-D628-4784-B253-335E5C468674}.Debug|Any CPU.ActiveCfg = Debug|Any CPU
		{5CC9A982-D628-4784-B253-335E5C468674}.Debug|Any CPU.Build.0 = Debug|Any CPU
		{5CC9A982-D628-4784-B253-335E5C468674}.Release|Any CPU.ActiveCfg = Release|Any CPU
		{5CC9A982-D628-4784-B253-335E5C468674}.Release|Any CPU.Build.0 = Release|Any CPU
		{91A49782-9F86-41BB-B3A5-812054D3B3E9}.Debug|Any CPU.ActiveCfg = Debug|Any CPU
		{91A49782-9F86-41BB-B3A5-812054D3B3E9}.Debug|Any CPU.Build.0 = Debug|Any CPU
		{91A49782-9F86-41BB-B3A5-812054D3B3E9}.Release|Any CPU.ActiveCfg = Release|Any CPU
		{91A49782-9F86-41BB-B3A5-812054D3B3E9}.Release|Any CPU.Build.0 = Release|Any CPU
		{C11CE7BD-7EDD-419D-B866-39A0DEC575AC}.Debug|Any CPU.ActiveCfg = Debug|Any CPU
		{C11CE7BD-7EDD-419D-B866-39A0DEC575AC}.Debug|Any CPU.Build.0 = Debug|Any CPU
		{C11CE7BD-7EDD-419D-B866-39A0DEC575AC}.Release|Any CPU.ActiveCfg = Release|Any CPU
		{C11CE7BD-7EDD-419D-B866-39A0DEC575AC}.Release|Any CPU.Build.0 = Release|Any CPU
		{A393A3A0-C515-48BD-B704-783DD75A444D}.Debug|Any CPU.ActiveCfg = Debug|Any CPU
		{A393A3A0-C515-48BD-B704-783DD75A444D}.Debug|Any CPU.Build.0 = Debug|Any CPU
		{A393A3A0-C515-48BD-B704-783DD75A444D}.Release|Any CPU.ActiveCfg = Release|Any CPU
		{A393A3A0-C515-48BD-B704-783DD75A444D}.Release|Any CPU.Build.0 = Release|Any CPU
		{FC154EB4-C618-4F63-AF62-FED4FC6EDAA6}.Debug|Any CPU.ActiveCfg = Debug|Any CPU
		{FC154EB4-C618-4F63-AF62-FED4FC6EDAA6}.Debug|Any CPU.Build.0 = Debug|Any CPU
		{FC154EB4-C618-4F63-AF62-FED4FC6EDAA6}.Release|Any CPU.ActiveCfg = Release|Any CPU
		{FC154EB4-C618-4F63-AF62-FED4FC6EDAA6}.Release|Any CPU.Build.0 = Release|Any CPU
		{9CE0DC56-1E5F-4BCD-B4C8-91E4FABBD485}.Debug|Any CPU.ActiveCfg = Debug|Any CPU
		{9CE0DC56-1E5F-4BCD-B4C8-91E4FABBD485}.Debug|Any CPU.Build.0 = Debug|Any CPU
		{9CE0DC56-1E5F-4BCD-B4C8-91E4FABBD485}.Release|Any CPU.ActiveCfg = Release|Any CPU
		{9CE0DC56-1E5F-4BCD-B4C8-91E4FABBD485}.Release|Any CPU.Build.0 = Release|Any CPU
		{D844DC63-8004-4791-B8C3-31629C55662B}.Debug|Any CPU.ActiveCfg = Debug|Any CPU
		{D844DC63-8004-4791-B8C3-31629C55662B}.Debug|Any CPU.Build.0 = Debug|Any CPU
		{D844DC63-8004-4791-B8C3-31629C55662B}.Release|Any CPU.ActiveCfg = Release|Any CPU
		{D844DC63-8004-4791-B8C3-31629C55662B}.Release|Any CPU.Build.0 = Release|Any CPU
		{8571DD3C-6880-4717-A666-1C1D790206A1}.Debug|Any CPU.ActiveCfg = Debug|Any CPU
		{8571DD3C-6880-4717-A666-1C1D790206A1}.Debug|Any CPU.Build.0 = Debug|Any CPU
		{8571DD3C-6880-4717-A666-1C1D790206A1}.Release|Any CPU.ActiveCfg = Release|Any CPU
		{8571DD3C-6880-4717-A666-1C1D790206A1}.Release|Any CPU.Build.0 = Release|Any CPU
		{75FE2F70-C0E5-47F6-984D-A37739D5DB9C}.Debug|Any CPU.ActiveCfg = Debug|Any CPU
		{75FE2F70-C0E5-47F6-984D-A37739D5DB9C}.Debug|Any CPU.Build.0 = Debug|Any CPU
		{75FE2F70-C0E5-47F6-984D-A37739D5DB9C}.Release|Any CPU.ActiveCfg = Release|Any CPU
		{75FE2F70-C0E5-47F6-984D-A37739D5DB9C}.Release|Any CPU.Build.0 = Release|Any CPU
		{92183B39-B35C-4A23-BC99-43872708CEF0}.Debug|Any CPU.ActiveCfg = Debug|Any CPU
		{92183B39-B35C-4A23-BC99-43872708CEF0}.Debug|Any CPU.Build.0 = Debug|Any CPU
		{92183B39-B35C-4A23-BC99-43872708CEF0}.Release|Any CPU.ActiveCfg = Release|Any CPU
		{92183B39-B35C-4A23-BC99-43872708CEF0}.Release|Any CPU.Build.0 = Release|Any CPU
		{01C0A368-B767-462F-8FB3-3917119783F2}.Debug|Any CPU.ActiveCfg = Debug|Any CPU
		{01C0A368-B767-462F-8FB3-3917119783F2}.Debug|Any CPU.Build.0 = Debug|Any CPU
		{01C0A368-B767-462F-8FB3-3917119783F2}.Release|Any CPU.ActiveCfg = Release|Any CPU
		{01C0A368-B767-462F-8FB3-3917119783F2}.Release|Any CPU.Build.0 = Release|Any CPU
		{99885C1C-9417-45DD-917C-3E9C8E1A3C6E}.Debug|Any CPU.ActiveCfg = Debug|Any CPU
		{99885C1C-9417-45DD-917C-3E9C8E1A3C6E}.Debug|Any CPU.Build.0 = Debug|Any CPU
		{99885C1C-9417-45DD-917C-3E9C8E1A3C6E}.Release|Any CPU.ActiveCfg = Release|Any CPU
		{99885C1C-9417-45DD-917C-3E9C8E1A3C6E}.Release|Any CPU.Build.0 = Release|Any CPU
		{9DFEB29F-3802-4BDF-80D7-9B101E329BA4}.Debug|Any CPU.ActiveCfg = Debug|Any CPU
		{9DFEB29F-3802-4BDF-80D7-9B101E329BA4}.Debug|Any CPU.Build.0 = Debug|Any CPU
		{9DFEB29F-3802-4BDF-80D7-9B101E329BA4}.Release|Any CPU.ActiveCfg = Release|Any CPU
		{9DFEB29F-3802-4BDF-80D7-9B101E329BA4}.Release|Any CPU.Build.0 = Release|Any CPU
		{EBA15FC5-F07A-46B5-B8C3-60BC887898C2}.Debug|Any CPU.ActiveCfg = Debug|Any CPU
		{EBA15FC5-F07A-46B5-B8C3-60BC887898C2}.Debug|Any CPU.Build.0 = Debug|Any CPU
		{EBA15FC5-F07A-46B5-B8C3-60BC887898C2}.Release|Any CPU.ActiveCfg = Release|Any CPU
		{EBA15FC5-F07A-46B5-B8C3-60BC887898C2}.Release|Any CPU.Build.0 = Release|Any CPU
		{587EE6ED-61E9-4AF7-B558-2DF71472729D}.Debug|Any CPU.ActiveCfg = Debug|Any CPU
		{587EE6ED-61E9-4AF7-B558-2DF71472729D}.Debug|Any CPU.Build.0 = Debug|Any CPU
		{587EE6ED-61E9-4AF7-B558-2DF71472729D}.Release|Any CPU.ActiveCfg = Release|Any CPU
		{587EE6ED-61E9-4AF7-B558-2DF71472729D}.Release|Any CPU.Build.0 = Release|Any CPU
		{72039CE9-35B2-45A3-B518-AAEDEC4F7D23}.Debug|Any CPU.ActiveCfg = Debug|Any CPU
		{72039CE9-35B2-45A3-B518-AAEDEC4F7D23}.Debug|Any CPU.Build.0 = Debug|Any CPU
		{72039CE9-35B2-45A3-B518-AAEDEC4F7D23}.Release|Any CPU.ActiveCfg = Release|Any CPU
		{72039CE9-35B2-45A3-B518-AAEDEC4F7D23}.Release|Any CPU.Build.0 = Release|Any CPU
		{F1C7FDF2-3166-4DBB-AF89-F94E3A564831}.Debug|Any CPU.ActiveCfg = Debug|Any CPU
		{F1C7FDF2-3166-4DBB-AF89-F94E3A564831}.Debug|Any CPU.Build.0 = Debug|Any CPU
		{F1C7FDF2-3166-4DBB-AF89-F94E3A564831}.Release|Any CPU.ActiveCfg = Release|Any CPU
		{F1C7FDF2-3166-4DBB-AF89-F94E3A564831}.Release|Any CPU.Build.0 = Release|Any CPU
		{5CFEAB8E-7F1D-44B4-BF8C-153A6B9249BE}.Debug|Any CPU.ActiveCfg = Debug|Any CPU
		{5CFEAB8E-7F1D-44B4-BF8C-153A6B9249BE}.Debug|Any CPU.Build.0 = Debug|Any CPU
		{5CFEAB8E-7F1D-44B4-BF8C-153A6B9249BE}.Release|Any CPU.ActiveCfg = Release|Any CPU
		{5CFEAB8E-7F1D-44B4-BF8C-153A6B9249BE}.Release|Any CPU.Build.0 = Release|Any CPU
		{2C42C2AB-E835-4E8B-9F0A-CFC3917111CF}.Debug|Any CPU.ActiveCfg = Debug|Any CPU
		{2C42C2AB-E835-4E8B-9F0A-CFC3917111CF}.Debug|Any CPU.Build.0 = Debug|Any CPU
		{2C42C2AB-E835-4E8B-9F0A-CFC3917111CF}.Release|Any CPU.ActiveCfg = Release|Any CPU
		{2C42C2AB-E835-4E8B-9F0A-CFC3917111CF}.Release|Any CPU.Build.0 = Release|Any CPU
		{80C83574-BE24-46E4-9F5B-250CC96F161A}.Debug|Any CPU.ActiveCfg = Debug|Any CPU
		{80C83574-BE24-46E4-9F5B-250CC96F161A}.Debug|Any CPU.Build.0 = Debug|Any CPU
		{80C83574-BE24-46E4-9F5B-250CC96F161A}.Release|Any CPU.ActiveCfg = Release|Any CPU
		{80C83574-BE24-46E4-9F5B-250CC96F161A}.Release|Any CPU.Build.0 = Release|Any CPU
		{0F356EC3-ADE9-4C31-B9DC-82D859EE81F0}.Debug|Any CPU.ActiveCfg = Debug|Any CPU
		{0F356EC3-ADE9-4C31-B9DC-82D859EE81F0}.Debug|Any CPU.Build.0 = Debug|Any CPU
		{0F356EC3-ADE9-4C31-B9DC-82D859EE81F0}.Release|Any CPU.ActiveCfg = Release|Any CPU
		{0F356EC3-ADE9-4C31-B9DC-82D859EE81F0}.Release|Any CPU.Build.0 = Release|Any CPU
		{DF2EDD26-6DD9-42FC-B27E-ADBB3322B6CB}.Debug|Any CPU.ActiveCfg = Debug|Any CPU
		{DF2EDD26-6DD9-42FC-B27E-ADBB3322B6CB}.Debug|Any CPU.Build.0 = Debug|Any CPU
		{DF2EDD26-6DD9-42FC-B27E-ADBB3322B6CB}.Release|Any CPU.ActiveCfg = Release|Any CPU
		{DF2EDD26-6DD9-42FC-B27E-ADBB3322B6CB}.Release|Any CPU.Build.0 = Release|Any CPU
		{FC771093-366E-41EC-9CB9-540195AA1B02}.Debug|Any CPU.ActiveCfg = Debug|Any CPU
		{FC771093-366E-41EC-9CB9-540195AA1B02}.Debug|Any CPU.Build.0 = Debug|Any CPU
		{FC771093-366E-41EC-9CB9-540195AA1B02}.Release|Any CPU.ActiveCfg = Release|Any CPU
		{FC771093-366E-41EC-9CB9-540195AA1B02}.Release|Any CPU.Build.0 = Release|Any CPU
		{304ABF12-666F-4D23-91B3-2E04C1D06B16}.Debug|Any CPU.ActiveCfg = Debug|Any CPU
		{304ABF12-666F-4D23-91B3-2E04C1D06B16}.Debug|Any CPU.Build.0 = Debug|Any CPU
		{304ABF12-666F-4D23-91B3-2E04C1D06B16}.Release|Any CPU.ActiveCfg = Release|Any CPU
		{304ABF12-666F-4D23-91B3-2E04C1D06B16}.Release|Any CPU.Build.0 = Release|Any CPU
		{45316176-F524-4181-9393-0D23E15DBAF4}.Debug|Any CPU.ActiveCfg = Debug|Any CPU
		{45316176-F524-4181-9393-0D23E15DBAF4}.Debug|Any CPU.Build.0 = Debug|Any CPU
		{45316176-F524-4181-9393-0D23E15DBAF4}.Release|Any CPU.ActiveCfg = Release|Any CPU
		{45316176-F524-4181-9393-0D23E15DBAF4}.Release|Any CPU.Build.0 = Release|Any CPU
		{CF67897B-061B-47CE-9DDE-3D04FF563460}.Debug|Any CPU.ActiveCfg = Debug|Any CPU
		{CF67897B-061B-47CE-9DDE-3D04FF563460}.Debug|Any CPU.Build.0 = Debug|Any CPU
		{CF67897B-061B-47CE-9DDE-3D04FF563460}.Release|Any CPU.ActiveCfg = Release|Any CPU
		{CF67897B-061B-47CE-9DDE-3D04FF563460}.Release|Any CPU.Build.0 = Release|Any CPU
		{0B3D0ADF-4D02-44F3-BD00-F2E16C3DFD1C}.Debug|Any CPU.ActiveCfg = Debug|Any CPU
		{0B3D0ADF-4D02-44F3-BD00-F2E16C3DFD1C}.Debug|Any CPU.Build.0 = Debug|Any CPU
		{0B3D0ADF-4D02-44F3-BD00-F2E16C3DFD1C}.Release|Any CPU.ActiveCfg = Release|Any CPU
		{0B3D0ADF-4D02-44F3-BD00-F2E16C3DFD1C}.Release|Any CPU.Build.0 = Release|Any CPU
		{3B275384-1C89-4064-B00A-06B841DADEF6}.Debug|Any CPU.ActiveCfg = Debug|Any CPU
		{3B275384-1C89-4064-B00A-06B841DADEF6}.Debug|Any CPU.Build.0 = Debug|Any CPU
		{3B275384-1C89-4064-B00A-06B841DADEF6}.Release|Any CPU.ActiveCfg = Release|Any CPU
		{3B275384-1C89-4064-B00A-06B841DADEF6}.Release|Any CPU.Build.0 = Release|Any CPU
		{7B3643E0-7BE8-4BE6-A47A-E8BFCB0302EF}.Debug|Any CPU.ActiveCfg = Debug|Any CPU
		{7B3643E0-7BE8-4BE6-A47A-E8BFCB0302EF}.Debug|Any CPU.Build.0 = Debug|Any CPU
		{7B3643E0-7BE8-4BE6-A47A-E8BFCB0302EF}.Release|Any CPU.ActiveCfg = Release|Any CPU
		{7B3643E0-7BE8-4BE6-A47A-E8BFCB0302EF}.Release|Any CPU.Build.0 = Release|Any CPU
		{2CCD2F68-9605-485A-90F5-FBC218AF31AF}.Debug|Any CPU.ActiveCfg = Debug|Any CPU
		{2CCD2F68-9605-485A-90F5-FBC218AF31AF}.Debug|Any CPU.Build.0 = Debug|Any CPU
		{2CCD2F68-9605-485A-90F5-FBC218AF31AF}.Release|Any CPU.ActiveCfg = Release|Any CPU
		{2CCD2F68-9605-485A-90F5-FBC218AF31AF}.Release|Any CPU.Build.0 = Release|Any CPU
		{554214A2-EF04-4357-8FF7-CDD61484BBA4}.Debug|Any CPU.ActiveCfg = Debug|Any CPU
		{554214A2-EF04-4357-8FF7-CDD61484BBA4}.Debug|Any CPU.Build.0 = Debug|Any CPU
		{554214A2-EF04-4357-8FF7-CDD61484BBA4}.Release|Any CPU.ActiveCfg = Release|Any CPU
		{554214A2-EF04-4357-8FF7-CDD61484BBA4}.Release|Any CPU.Build.0 = Release|Any CPU
		{F1AEFEDA-E4D0-4129-A136-C64795EAC578}.Debug|Any CPU.ActiveCfg = Debug|Any CPU
		{F1AEFEDA-E4D0-4129-A136-C64795EAC578}.Debug|Any CPU.Build.0 = Debug|Any CPU
		{F1AEFEDA-E4D0-4129-A136-C64795EAC578}.Release|Any CPU.ActiveCfg = Release|Any CPU
		{F1AEFEDA-E4D0-4129-A136-C64795EAC578}.Release|Any CPU.Build.0 = Release|Any CPU
		{DBEA47EF-0AB8-4F14-B18D-378B9D80CD94}.Debug|Any CPU.ActiveCfg = Debug|Any CPU
		{DBEA47EF-0AB8-4F14-B18D-378B9D80CD94}.Debug|Any CPU.Build.0 = Debug|Any CPU
		{DBEA47EF-0AB8-4F14-B18D-378B9D80CD94}.Release|Any CPU.ActiveCfg = Release|Any CPU
		{DBEA47EF-0AB8-4F14-B18D-378B9D80CD94}.Release|Any CPU.Build.0 = Release|Any CPU
		{399DE3C1-6EC0-4288-8B65-3ECD5688E80C}.Debug|Any CPU.ActiveCfg = Debug|Any CPU
		{399DE3C1-6EC0-4288-8B65-3ECD5688E80C}.Debug|Any CPU.Build.0 = Debug|Any CPU
		{399DE3C1-6EC0-4288-8B65-3ECD5688E80C}.Release|Any CPU.ActiveCfg = Release|Any CPU
		{399DE3C1-6EC0-4288-8B65-3ECD5688E80C}.Release|Any CPU.Build.0 = Release|Any CPU
		{B348075E-33A3-467B-A8D0-C6EDB30F2161}.Debug|Any CPU.ActiveCfg = Debug|Any CPU
		{B348075E-33A3-467B-A8D0-C6EDB30F2161}.Debug|Any CPU.Build.0 = Debug|Any CPU
		{B348075E-33A3-467B-A8D0-C6EDB30F2161}.Release|Any CPU.ActiveCfg = Release|Any CPU
		{B348075E-33A3-467B-A8D0-C6EDB30F2161}.Release|Any CPU.Build.0 = Release|Any CPU
		{2EDB19B6-8B3B-4456-9965-26BD4F4A8A64}.Debug|Any CPU.ActiveCfg = Debug|Any CPU
		{2EDB19B6-8B3B-4456-9965-26BD4F4A8A64}.Debug|Any CPU.Build.0 = Debug|Any CPU
		{2EDB19B6-8B3B-4456-9965-26BD4F4A8A64}.Release|Any CPU.ActiveCfg = Release|Any CPU
		{2EDB19B6-8B3B-4456-9965-26BD4F4A8A64}.Release|Any CPU.Build.0 = Release|Any CPU
		{81336566-3CE2-4CAC-BFCC-4D172A0DB8F6}.Debug|Any CPU.ActiveCfg = Debug|Any CPU
		{81336566-3CE2-4CAC-BFCC-4D172A0DB8F6}.Debug|Any CPU.Build.0 = Debug|Any CPU
		{81336566-3CE2-4CAC-BFCC-4D172A0DB8F6}.Release|Any CPU.ActiveCfg = Release|Any CPU
		{81336566-3CE2-4CAC-BFCC-4D172A0DB8F6}.Release|Any CPU.Build.0 = Release|Any CPU
		{7EE4EA4B-F74F-4B61-B056-DBF80073FD2B}.Debug|Any CPU.ActiveCfg = Debug|Any CPU
		{7EE4EA4B-F74F-4B61-B056-DBF80073FD2B}.Debug|Any CPU.Build.0 = Debug|Any CPU
		{7EE4EA4B-F74F-4B61-B056-DBF80073FD2B}.Release|Any CPU.ActiveCfg = Release|Any CPU
		{7EE4EA4B-F74F-4B61-B056-DBF80073FD2B}.Release|Any CPU.Build.0 = Release|Any CPU
		{F1857BAB-90D4-4641-9EDF-2765C6939906}.Debug|Any CPU.ActiveCfg = Debug|Any CPU
		{F1857BAB-90D4-4641-9EDF-2765C6939906}.Debug|Any CPU.Build.0 = Debug|Any CPU
		{F1857BAB-90D4-4641-9EDF-2765C6939906}.Release|Any CPU.ActiveCfg = Release|Any CPU
		{F1857BAB-90D4-4641-9EDF-2765C6939906}.Release|Any CPU.Build.0 = Release|Any CPU
		{95A17CAE-540F-4FBD-BBF5-230EAF811856}.Debug|Any CPU.ActiveCfg = Debug|Any CPU
		{95A17CAE-540F-4FBD-BBF5-230EAF811856}.Debug|Any CPU.Build.0 = Debug|Any CPU
		{95A17CAE-540F-4FBD-BBF5-230EAF811856}.Release|Any CPU.ActiveCfg = Release|Any CPU
		{95A17CAE-540F-4FBD-BBF5-230EAF811856}.Release|Any CPU.Build.0 = Release|Any CPU
		{256CAFE9-9FF7-472A-AB81-0CF340C6660C}.Debug|Any CPU.ActiveCfg = Debug|Any CPU
		{256CAFE9-9FF7-472A-AB81-0CF340C6660C}.Debug|Any CPU.Build.0 = Debug|Any CPU
		{256CAFE9-9FF7-472A-AB81-0CF340C6660C}.Release|Any CPU.ActiveCfg = Release|Any CPU
		{256CAFE9-9FF7-472A-AB81-0CF340C6660C}.Release|Any CPU.Build.0 = Release|Any CPU
		{2D28325E-3F79-4C8D-A311-5BC6356E51B8}.Debug|Any CPU.ActiveCfg = Debug|Any CPU
		{2D28325E-3F79-4C8D-A311-5BC6356E51B8}.Debug|Any CPU.Build.0 = Debug|Any CPU
		{2D28325E-3F79-4C8D-A311-5BC6356E51B8}.Release|Any CPU.ActiveCfg = Release|Any CPU
		{2D28325E-3F79-4C8D-A311-5BC6356E51B8}.Release|Any CPU.Build.0 = Release|Any CPU
		{D283B1AF-8604-4EB8-8C08-5BA926E89401}.Debug|Any CPU.ActiveCfg = Debug|Any CPU
		{D283B1AF-8604-4EB8-8C08-5BA926E89401}.Debug|Any CPU.Build.0 = Debug|Any CPU
		{D283B1AF-8604-4EB8-8C08-5BA926E89401}.Release|Any CPU.ActiveCfg = Release|Any CPU
		{D283B1AF-8604-4EB8-8C08-5BA926E89401}.Release|Any CPU.Build.0 = Release|Any CPU
		{87BD42CE-FFA8-4475-85D3-3AE2CA3BF66E}.Debug|Any CPU.ActiveCfg = Debug|Any CPU
		{87BD42CE-FFA8-4475-85D3-3AE2CA3BF66E}.Debug|Any CPU.Build.0 = Debug|Any CPU
		{87BD42CE-FFA8-4475-85D3-3AE2CA3BF66E}.Release|Any CPU.ActiveCfg = Release|Any CPU
		{87BD42CE-FFA8-4475-85D3-3AE2CA3BF66E}.Release|Any CPU.Build.0 = Release|Any CPU
		{221125A7-F46B-4C4E-84FF-5A83C2D43CA3}.Debug|Any CPU.ActiveCfg = Debug|Any CPU
		{221125A7-F46B-4C4E-84FF-5A83C2D43CA3}.Debug|Any CPU.Build.0 = Debug|Any CPU
		{221125A7-F46B-4C4E-84FF-5A83C2D43CA3}.Release|Any CPU.ActiveCfg = Release|Any CPU
		{221125A7-F46B-4C4E-84FF-5A83C2D43CA3}.Release|Any CPU.Build.0 = Release|Any CPU
		{15E2D949-8E55-4B5D-B2AF-D72E710762FD}.Debug|Any CPU.ActiveCfg = Debug|Any CPU
		{15E2D949-8E55-4B5D-B2AF-D72E710762FD}.Debug|Any CPU.Build.0 = Debug|Any CPU
		{15E2D949-8E55-4B5D-B2AF-D72E710762FD}.Release|Any CPU.ActiveCfg = Release|Any CPU
		{15E2D949-8E55-4B5D-B2AF-D72E710762FD}.Release|Any CPU.Build.0 = Release|Any CPU
		{D921C8BF-6FF7-4D89-A62E-B01054D8503F}.Debug|Any CPU.ActiveCfg = Debug|Any CPU
		{D921C8BF-6FF7-4D89-A62E-B01054D8503F}.Debug|Any CPU.Build.0 = Debug|Any CPU
		{D921C8BF-6FF7-4D89-A62E-B01054D8503F}.Release|Any CPU.ActiveCfg = Release|Any CPU
		{D921C8BF-6FF7-4D89-A62E-B01054D8503F}.Release|Any CPU.Build.0 = Release|Any CPU
		{86CCB16D-9C6D-4BAD-817D-7786584E057A}.Debug|Any CPU.ActiveCfg = Debug|Any CPU
		{86CCB16D-9C6D-4BAD-817D-7786584E057A}.Debug|Any CPU.Build.0 = Debug|Any CPU
		{86CCB16D-9C6D-4BAD-817D-7786584E057A}.Release|Any CPU.ActiveCfg = Release|Any CPU
		{86CCB16D-9C6D-4BAD-817D-7786584E057A}.Release|Any CPU.Build.0 = Release|Any CPU
		{7187A2B2-7F7C-435C-9B43-8F6683C1B936}.Debug|Any CPU.ActiveCfg = Debug|Any CPU
		{7187A2B2-7F7C-435C-9B43-8F6683C1B936}.Debug|Any CPU.Build.0 = Debug|Any CPU
		{7187A2B2-7F7C-435C-9B43-8F6683C1B936}.Release|Any CPU.ActiveCfg = Release|Any CPU
		{7187A2B2-7F7C-435C-9B43-8F6683C1B936}.Release|Any CPU.Build.0 = Release|Any CPU
		{2B7B5D61-52DC-4346-8D2B-CAC9E044CEE3}.Debug|Any CPU.ActiveCfg = Debug|Any CPU
		{2B7B5D61-52DC-4346-8D2B-CAC9E044CEE3}.Debug|Any CPU.Build.0 = Debug|Any CPU
		{2B7B5D61-52DC-4346-8D2B-CAC9E044CEE3}.Release|Any CPU.ActiveCfg = Release|Any CPU
		{2B7B5D61-52DC-4346-8D2B-CAC9E044CEE3}.Release|Any CPU.Build.0 = Release|Any CPU
		{CCCF11E6-5E3F-4583-877A-D494B3CB725E}.Debug|Any CPU.ActiveCfg = Debug|Any CPU
		{CCCF11E6-5E3F-4583-877A-D494B3CB725E}.Debug|Any CPU.Build.0 = Debug|Any CPU
		{CCCF11E6-5E3F-4583-877A-D494B3CB725E}.Release|Any CPU.ActiveCfg = Release|Any CPU
		{CCCF11E6-5E3F-4583-877A-D494B3CB725E}.Release|Any CPU.Build.0 = Release|Any CPU
		{37E6D987-52B1-4449-9B75-2F46B4783EE3}.Debug|Any CPU.ActiveCfg = Debug|Any CPU
		{37E6D987-52B1-4449-9B75-2F46B4783EE3}.Debug|Any CPU.Build.0 = Debug|Any CPU
		{37E6D987-52B1-4449-9B75-2F46B4783EE3}.Release|Any CPU.ActiveCfg = Release|Any CPU
		{37E6D987-52B1-4449-9B75-2F46B4783EE3}.Release|Any CPU.Build.0 = Release|Any CPU
		{06DA594D-C47F-43EB-82CF-386B57D0A1D4}.Debug|Any CPU.ActiveCfg = Debug|Any CPU
		{06DA594D-C47F-43EB-82CF-386B57D0A1D4}.Debug|Any CPU.Build.0 = Debug|Any CPU
		{06DA594D-C47F-43EB-82CF-386B57D0A1D4}.Release|Any CPU.ActiveCfg = Release|Any CPU
		{06DA594D-C47F-43EB-82CF-386B57D0A1D4}.Release|Any CPU.Build.0 = Release|Any CPU
		{F33A96FB-DBA9-4668-9D7B-10C58CD94CD8}.Debug|Any CPU.ActiveCfg = Debug|Any CPU
		{F33A96FB-DBA9-4668-9D7B-10C58CD94CD8}.Debug|Any CPU.Build.0 = Debug|Any CPU
		{F33A96FB-DBA9-4668-9D7B-10C58CD94CD8}.Release|Any CPU.ActiveCfg = Release|Any CPU
		{F33A96FB-DBA9-4668-9D7B-10C58CD94CD8}.Release|Any CPU.Build.0 = Release|Any CPU
		{3038BD5F-B930-4E7C-AC44-A49B9E49272B}.Debug|Any CPU.ActiveCfg = Debug|Any CPU
		{3038BD5F-B930-4E7C-AC44-A49B9E49272B}.Debug|Any CPU.Build.0 = Debug|Any CPU
		{3038BD5F-B930-4E7C-AC44-A49B9E49272B}.Release|Any CPU.ActiveCfg = Release|Any CPU
		{3038BD5F-B930-4E7C-AC44-A49B9E49272B}.Release|Any CPU.Build.0 = Release|Any CPU
		{B351A5C0-4F79-43E3-A11F-A311D8176811}.Debug|Any CPU.ActiveCfg = Debug|Any CPU
		{B351A5C0-4F79-43E3-A11F-A311D8176811}.Debug|Any CPU.Build.0 = Debug|Any CPU
		{B351A5C0-4F79-43E3-A11F-A311D8176811}.Release|Any CPU.ActiveCfg = Release|Any CPU
		{B351A5C0-4F79-43E3-A11F-A311D8176811}.Release|Any CPU.Build.0 = Release|Any CPU
		{44F565FF-57B4-4957-81DC-BDCF267B5BEF}.Debug|Any CPU.ActiveCfg = Debug|Any CPU
		{44F565FF-57B4-4957-81DC-BDCF267B5BEF}.Debug|Any CPU.Build.0 = Debug|Any CPU
		{44F565FF-57B4-4957-81DC-BDCF267B5BEF}.Release|Any CPU.ActiveCfg = Release|Any CPU
		{44F565FF-57B4-4957-81DC-BDCF267B5BEF}.Release|Any CPU.Build.0 = Release|Any CPU
		{7C52DF5D-521B-4F10-870D-6ECC44CCD53F}.Debug|Any CPU.ActiveCfg = Debug|Any CPU
		{7C52DF5D-521B-4F10-870D-6ECC44CCD53F}.Debug|Any CPU.Build.0 = Debug|Any CPU
		{7C52DF5D-521B-4F10-870D-6ECC44CCD53F}.Release|Any CPU.ActiveCfg = Release|Any CPU
		{7C52DF5D-521B-4F10-870D-6ECC44CCD53F}.Release|Any CPU.Build.0 = Release|Any CPU
		{2C9C00D6-ECCD-4346-8024-9D550E42B6AF}.Debug|Any CPU.ActiveCfg = Debug|Any CPU
		{2C9C00D6-ECCD-4346-8024-9D550E42B6AF}.Debug|Any CPU.Build.0 = Debug|Any CPU
		{2C9C00D6-ECCD-4346-8024-9D550E42B6AF}.Release|Any CPU.ActiveCfg = Release|Any CPU
		{2C9C00D6-ECCD-4346-8024-9D550E42B6AF}.Release|Any CPU.Build.0 = Release|Any CPU
		{0BF21178-B8B8-47DE-AA22-8728C561C066}.Debug|Any CPU.ActiveCfg = Debug|Any CPU
		{0BF21178-B8B8-47DE-AA22-8728C561C066}.Debug|Any CPU.Build.0 = Debug|Any CPU
		{0BF21178-B8B8-47DE-AA22-8728C561C066}.Release|Any CPU.ActiveCfg = Release|Any CPU
		{0BF21178-B8B8-47DE-AA22-8728C561C066}.Release|Any CPU.Build.0 = Release|Any CPU
		{B1D940E5-B2B3-48A4-BD4C-6979C1CF9CDC}.Debug|Any CPU.ActiveCfg = Debug|Any CPU
		{B1D940E5-B2B3-48A4-BD4C-6979C1CF9CDC}.Debug|Any CPU.Build.0 = Debug|Any CPU
		{B1D940E5-B2B3-48A4-BD4C-6979C1CF9CDC}.Release|Any CPU.ActiveCfg = Release|Any CPU
		{B1D940E5-B2B3-48A4-BD4C-6979C1CF9CDC}.Release|Any CPU.Build.0 = Release|Any CPU
		{53E66356-EF81-4083-8728-ABD6D8855689}.Debug|Any CPU.ActiveCfg = Debug|Any CPU
		{53E66356-EF81-4083-8728-ABD6D8855689}.Debug|Any CPU.Build.0 = Debug|Any CPU
		{53E66356-EF81-4083-8728-ABD6D8855689}.Release|Any CPU.ActiveCfg = Release|Any CPU
		{53E66356-EF81-4083-8728-ABD6D8855689}.Release|Any CPU.Build.0 = Release|Any CPU
		{20FECF67-42C2-4C36-9D5C-0AF9423D9D45}.Debug|Any CPU.ActiveCfg = Debug|Any CPU
		{20FECF67-42C2-4C36-9D5C-0AF9423D9D45}.Debug|Any CPU.Build.0 = Debug|Any CPU
		{20FECF67-42C2-4C36-9D5C-0AF9423D9D45}.Release|Any CPU.ActiveCfg = Release|Any CPU
		{20FECF67-42C2-4C36-9D5C-0AF9423D9D45}.Release|Any CPU.Build.0 = Release|Any CPU
		{BBABAAE7-E3DA-441E-9AAB-A9F13B9B7AA2}.Debug|Any CPU.ActiveCfg = Debug|Any CPU
		{BBABAAE7-E3DA-441E-9AAB-A9F13B9B7AA2}.Debug|Any CPU.Build.0 = Debug|Any CPU
		{BBABAAE7-E3DA-441E-9AAB-A9F13B9B7AA2}.Release|Any CPU.ActiveCfg = Release|Any CPU
		{BBABAAE7-E3DA-441E-9AAB-A9F13B9B7AA2}.Release|Any CPU.Build.0 = Release|Any CPU
		{9BAF93F1-4813-44A1-896D-2CC3283FF662}.Debug|Any CPU.ActiveCfg = Debug|Any CPU
		{9BAF93F1-4813-44A1-896D-2CC3283FF662}.Debug|Any CPU.Build.0 = Debug|Any CPU
		{9BAF93F1-4813-44A1-896D-2CC3283FF662}.Release|Any CPU.ActiveCfg = Release|Any CPU
		{9BAF93F1-4813-44A1-896D-2CC3283FF662}.Release|Any CPU.Build.0 = Release|Any CPU
		{61F5CE38-D84A-4102-9242-E29A0D2EDFD6}.Debug|Any CPU.ActiveCfg = Debug|Any CPU
		{61F5CE38-D84A-4102-9242-E29A0D2EDFD6}.Debug|Any CPU.Build.0 = Debug|Any CPU
		{61F5CE38-D84A-4102-9242-E29A0D2EDFD6}.Release|Any CPU.ActiveCfg = Release|Any CPU
		{61F5CE38-D84A-4102-9242-E29A0D2EDFD6}.Release|Any CPU.Build.0 = Release|Any CPU
		{E5A5E2B3-B365-451F-843A-2909F61405E5}.Debug|Any CPU.ActiveCfg = Debug|Any CPU
		{E5A5E2B3-B365-451F-843A-2909F61405E5}.Debug|Any CPU.Build.0 = Debug|Any CPU
		{E5A5E2B3-B365-451F-843A-2909F61405E5}.Release|Any CPU.ActiveCfg = Release|Any CPU
		{E5A5E2B3-B365-451F-843A-2909F61405E5}.Release|Any CPU.Build.0 = Release|Any CPU
		{0AC0C3C2-F265-4C9D-8840-AD2055C71FAF}.Debug|Any CPU.ActiveCfg = Debug|Any CPU
		{0AC0C3C2-F265-4C9D-8840-AD2055C71FAF}.Debug|Any CPU.Build.0 = Debug|Any CPU
		{0AC0C3C2-F265-4C9D-8840-AD2055C71FAF}.Release|Any CPU.ActiveCfg = Release|Any CPU
		{0AC0C3C2-F265-4C9D-8840-AD2055C71FAF}.Release|Any CPU.Build.0 = Release|Any CPU
		{CC336ED3-BA91-4C60-8746-FCBDC1CBDA79}.Debug|Any CPU.ActiveCfg = Debug|Any CPU
		{CC336ED3-BA91-4C60-8746-FCBDC1CBDA79}.Debug|Any CPU.Build.0 = Debug|Any CPU
		{CC336ED3-BA91-4C60-8746-FCBDC1CBDA79}.Release|Any CPU.ActiveCfg = Release|Any CPU
		{CC336ED3-BA91-4C60-8746-FCBDC1CBDA79}.Release|Any CPU.Build.0 = Release|Any CPU
		{EAC20CD6-A1AA-46F6-A6B5-F33EE0950714}.Debug|Any CPU.ActiveCfg = Debug|Any CPU
		{EAC20CD6-A1AA-46F6-A6B5-F33EE0950714}.Debug|Any CPU.Build.0 = Debug|Any CPU
		{EAC20CD6-A1AA-46F6-A6B5-F33EE0950714}.Release|Any CPU.ActiveCfg = Release|Any CPU
		{EAC20CD6-A1AA-46F6-A6B5-F33EE0950714}.Release|Any CPU.Build.0 = Release|Any CPU
		{8854025D-366E-4BBB-809C-12B1A51F31E4}.Debug|Any CPU.ActiveCfg = Debug|Any CPU
		{8854025D-366E-4BBB-809C-12B1A51F31E4}.Debug|Any CPU.Build.0 = Debug|Any CPU
		{8854025D-366E-4BBB-809C-12B1A51F31E4}.Release|Any CPU.ActiveCfg = Release|Any CPU
		{8854025D-366E-4BBB-809C-12B1A51F31E4}.Release|Any CPU.Build.0 = Release|Any CPU
		{5C11F8B6-64A7-47A3-A272-8A5830935D15}.Debug|Any CPU.ActiveCfg = Debug|Any CPU
		{5C11F8B6-64A7-47A3-A272-8A5830935D15}.Debug|Any CPU.Build.0 = Debug|Any CPU
		{5C11F8B6-64A7-47A3-A272-8A5830935D15}.Release|Any CPU.ActiveCfg = Release|Any CPU
		{5C11F8B6-64A7-47A3-A272-8A5830935D15}.Release|Any CPU.Build.0 = Release|Any CPU
		{0D1F56BE-223A-4CA0-8E57-65A184DCEC64}.Debug|Any CPU.ActiveCfg = Debug|Any CPU
		{0D1F56BE-223A-4CA0-8E57-65A184DCEC64}.Debug|Any CPU.Build.0 = Debug|Any CPU
		{0D1F56BE-223A-4CA0-8E57-65A184DCEC64}.Release|Any CPU.ActiveCfg = Release|Any CPU
		{0D1F56BE-223A-4CA0-8E57-65A184DCEC64}.Release|Any CPU.Build.0 = Release|Any CPU
		{9ECB5A59-87FD-4F0A-8785-17C55245E246}.Debug|Any CPU.ActiveCfg = Debug|Any CPU
		{9ECB5A59-87FD-4F0A-8785-17C55245E246}.Debug|Any CPU.Build.0 = Debug|Any CPU
		{9ECB5A59-87FD-4F0A-8785-17C55245E246}.Release|Any CPU.ActiveCfg = Release|Any CPU
		{9ECB5A59-87FD-4F0A-8785-17C55245E246}.Release|Any CPU.Build.0 = Release|Any CPU
		{18B85C30-B6CA-498F-AC4C-0C758ACC00A2}.Debug|Any CPU.ActiveCfg = Debug|Any CPU
		{18B85C30-B6CA-498F-AC4C-0C758ACC00A2}.Debug|Any CPU.Build.0 = Debug|Any CPU
		{18B85C30-B6CA-498F-AC4C-0C758ACC00A2}.Release|Any CPU.ActiveCfg = Release|Any CPU
		{18B85C30-B6CA-498F-AC4C-0C758ACC00A2}.Release|Any CPU.Build.0 = Release|Any CPU
		{1436B628-BC75-4835-8E30-FCE7A98145EA}.Debug|Any CPU.ActiveCfg = Debug|Any CPU
		{1436B628-BC75-4835-8E30-FCE7A98145EA}.Debug|Any CPU.Build.0 = Debug|Any CPU
		{1436B628-BC75-4835-8E30-FCE7A98145EA}.Release|Any CPU.ActiveCfg = Release|Any CPU
		{1436B628-BC75-4835-8E30-FCE7A98145EA}.Release|Any CPU.Build.0 = Release|Any CPU
		{0097FCCE-95A5-4C57-8C2F-63E6869B9DEF}.Debug|Any CPU.ActiveCfg = Debug|Any CPU
		{0097FCCE-95A5-4C57-8C2F-63E6869B9DEF}.Debug|Any CPU.Build.0 = Debug|Any CPU
		{0097FCCE-95A5-4C57-8C2F-63E6869B9DEF}.Release|Any CPU.ActiveCfg = Release|Any CPU
		{0097FCCE-95A5-4C57-8C2F-63E6869B9DEF}.Release|Any CPU.Build.0 = Release|Any CPU
		{927C0372-68C3-41F2-A92C-2C89AAAA99B9}.Debug|Any CPU.ActiveCfg = Debug|Any CPU
		{927C0372-68C3-41F2-A92C-2C89AAAA99B9}.Debug|Any CPU.Build.0 = Debug|Any CPU
		{927C0372-68C3-41F2-A92C-2C89AAAA99B9}.Release|Any CPU.ActiveCfg = Release|Any CPU
		{927C0372-68C3-41F2-A92C-2C89AAAA99B9}.Release|Any CPU.Build.0 = Release|Any CPU
		{C79D07FF-688B-4184-8115-C7835E60B980}.Debug|Any CPU.ActiveCfg = Debug|Any CPU
		{C79D07FF-688B-4184-8115-C7835E60B980}.Debug|Any CPU.Build.0 = Debug|Any CPU
		{C79D07FF-688B-4184-8115-C7835E60B980}.Release|Any CPU.ActiveCfg = Release|Any CPU
		{C79D07FF-688B-4184-8115-C7835E60B980}.Release|Any CPU.Build.0 = Release|Any CPU
		{FF044F5A-DD0D-48E3-BB24-B90BA13B9196}.Debug|Any CPU.ActiveCfg = Debug|Any CPU
		{FF044F5A-DD0D-48E3-BB24-B90BA13B9196}.Debug|Any CPU.Build.0 = Debug|Any CPU
		{FF044F5A-DD0D-48E3-BB24-B90BA13B9196}.Release|Any CPU.ActiveCfg = Release|Any CPU
		{FF044F5A-DD0D-48E3-BB24-B90BA13B9196}.Release|Any CPU.Build.0 = Release|Any CPU
		{43FFD196-0C22-4BAD-8E36-1CDA90640A8A}.Debug|Any CPU.ActiveCfg = Debug|Any CPU
		{43FFD196-0C22-4BAD-8E36-1CDA90640A8A}.Debug|Any CPU.Build.0 = Debug|Any CPU
		{43FFD196-0C22-4BAD-8E36-1CDA90640A8A}.Release|Any CPU.ActiveCfg = Release|Any CPU
		{43FFD196-0C22-4BAD-8E36-1CDA90640A8A}.Release|Any CPU.Build.0 = Release|Any CPU
		{AA65677C-13BA-4A60-A518-06E15E1748DC}.Debug|Any CPU.ActiveCfg = Debug|Any CPU
		{AA65677C-13BA-4A60-A518-06E15E1748DC}.Debug|Any CPU.Build.0 = Debug|Any CPU
		{AA65677C-13BA-4A60-A518-06E15E1748DC}.Release|Any CPU.ActiveCfg = Release|Any CPU
		{AA65677C-13BA-4A60-A518-06E15E1748DC}.Release|Any CPU.Build.0 = Release|Any CPU
		{1C612EA9-5898-4399-A8D7-900ABD447A15}.Debug|Any CPU.ActiveCfg = Debug|Any CPU
		{1C612EA9-5898-4399-A8D7-900ABD447A15}.Debug|Any CPU.Build.0 = Debug|Any CPU
		{1C612EA9-5898-4399-A8D7-900ABD447A15}.Release|Any CPU.ActiveCfg = Release|Any CPU
		{1C612EA9-5898-4399-A8D7-900ABD447A15}.Release|Any CPU.Build.0 = Release|Any CPU
		{E8D780AE-5A20-4764-8EA1-91086D63FE49}.Debug|Any CPU.ActiveCfg = Debug|Any CPU
		{E8D780AE-5A20-4764-8EA1-91086D63FE49}.Debug|Any CPU.Build.0 = Debug|Any CPU
		{E8D780AE-5A20-4764-8EA1-91086D63FE49}.Release|Any CPU.ActiveCfg = Release|Any CPU
		{E8D780AE-5A20-4764-8EA1-91086D63FE49}.Release|Any CPU.Build.0 = Release|Any CPU
		{6BE464C8-9825-4AA7-A1E2-556C56DD4861}.Debug|Any CPU.ActiveCfg = Debug|Any CPU
		{6BE464C8-9825-4AA7-A1E2-556C56DD4861}.Debug|Any CPU.Build.0 = Debug|Any CPU
		{6BE464C8-9825-4AA7-A1E2-556C56DD4861}.Release|Any CPU.ActiveCfg = Release|Any CPU
		{6BE464C8-9825-4AA7-A1E2-556C56DD4861}.Release|Any CPU.Build.0 = Release|Any CPU
		{16DDF297-38CF-4DDA-85DC-242318B84B2C}.Debug|Any CPU.ActiveCfg = Debug|Any CPU
		{16DDF297-38CF-4DDA-85DC-242318B84B2C}.Debug|Any CPU.Build.0 = Debug|Any CPU
		{16DDF297-38CF-4DDA-85DC-242318B84B2C}.Release|Any CPU.ActiveCfg = Release|Any CPU
		{16DDF297-38CF-4DDA-85DC-242318B84B2C}.Release|Any CPU.Build.0 = Release|Any CPU
		{EB3AAD6B-BCCD-4473-8A52-43BE04A4D7D8}.Debug|Any CPU.ActiveCfg = Debug|Any CPU
		{EB3AAD6B-BCCD-4473-8A52-43BE04A4D7D8}.Debug|Any CPU.Build.0 = Debug|Any CPU
		{EB3AAD6B-BCCD-4473-8A52-43BE04A4D7D8}.Release|Any CPU.ActiveCfg = Release|Any CPU
		{EB3AAD6B-BCCD-4473-8A52-43BE04A4D7D8}.Release|Any CPU.Build.0 = Release|Any CPU
	EndGlobalSection
	GlobalSection(SolutionProperties) = preSolution
		HideSolutionNode = FALSE
	EndGlobalSection
	GlobalSection(NestedProjects) = preSolution
		{FF044F5A-DD0D-48E3-BB24-B90BA13B9196} = {AEBEB383-D4B7-4807-86C2-B59504386475}
		{43FFD196-0C22-4BAD-8E36-1CDA90640A8A} = {AEBEB383-D4B7-4807-86C2-B59504386475}
		{AA65677C-13BA-4A60-A518-06E15E1748DC} = {AEBEB383-D4B7-4807-86C2-B59504386475}
		{E8D780AE-5A20-4764-8EA1-91086D63FE49} = {AEBEB383-D4B7-4807-86C2-B59504386475}
	EndGlobalSection
	GlobalSection(ExtensibilityGlobals) = postSolution
		SolutionGuid = {B52761D0-E4B3-484D-99BF-510A95D7D7BB}
	EndGlobalSection
EndGlobal
